
Microsoft Visual Studio Solution File, Format Version 12.00
# Visual Studio Version 17
VisualStudioVersion = 17.11.35222.181
MinimumVisualStudioVersion = 10.0.40219.1
Project("{2150E333-8FDC-42A3-9474-1A3956D46DE8}") = "Services", "Services", "{584DCBD4-8900-4D00-A581-21D32743B571}"
EndProject
Project("{2150E333-8FDC-42A3-9474-1A3956D46DE8}") = "ApiGateways", "ApiGateways", "{DD17CACB-5363-4865-952D-747804B33553}"
EndProject
Project("{2150E333-8FDC-42A3-9474-1A3956D46DE8}") = "Shared", "Shared", "{A9C9DA25-FD46-46F6-9C0E-A7248B44706F}"
EndProject
Project("{9A19103F-16F7-4668-BE54-9A1E7A4F7556}") = "QueueApiGateway", "ApiGateways\QueueApiGateway\QueueApiGateway.csproj", "{A32C3CD7-1290-4E3E-9E64-B5953EDAA996}"
EndProject
Project("{9A19103F-16F7-4668-BE54-9A1E7A4F7556}") = "Shared", "Shared\Shared\Shared.csproj", "{9546479F-242D-4815-9E47-26B0A31B06E3}"
EndProject
Project("{2150E333-8FDC-42A3-9474-1A3956D46DE8}") = "Basket", "Basket", "{360D7DEE-0088-4BF5-ADA6-4C64101267E1}"
EndProject
Project("{2150E333-8FDC-42A3-9474-1A3956D46DE8}") = "Order", "Order", "{2118297E-5451-4617-8898-4E38A46781B1}"
EndProject
Project("{9A19103F-16F7-4668-BE54-9A1E7A4F7556}") = "Basket.Domain", "Services\Basket\Basket.Domain\Basket.Domain.csproj", "{5D1EB3F3-E9DC-4B82-8261-DCE0F8E4AC82}"
EndProject
Project("{9A19103F-16F7-4668-BE54-9A1E7A4F7556}") = "Basket.Application", "Services\Basket\Basket.Application\Basket.Application.csproj", "{EEB75E26-F447-423D-AAC0-B421B8DE6893}"
EndProject
Project("{9A19103F-16F7-4668-BE54-9A1E7A4F7556}") = "Basket.Infrastructure", "Services\Basket\Basket.Infrastructure\Basket.Infrastructure.csproj", "{BE109576-0A6D-44B7-8D5B-E54F79068E45}"
EndProject
Project("{9A19103F-16F7-4668-BE54-9A1E7A4F7556}") = "Basket.API", "Services\Basket\Basket.API\Basket.API.csproj", "{83830656-594C-46C8-BE9F-0E24A5ABDC1F}"
EndProject
Project("{9A19103F-16F7-4668-BE54-9A1E7A4F7556}") = "Order.Domain", "Services\Order\Order.Domain\Order.Domain.csproj", "{4DD888D8-0CFC-4293-9BCE-EBFA2590C72B}"
EndProject
Project("{9A19103F-16F7-4668-BE54-9A1E7A4F7556}") = "Order.Application", "Services\Order\Order.Application\Order.Application.csproj", "{CB13037C-6A60-404D-9CEC-0131C9BB5926}"
EndProject
Project("{9A19103F-16F7-4668-BE54-9A1E7A4F7556}") = "Order.Infrastructure", "Services\Order\Order.Infrastructure\Order.Infrastructure.csproj", "{3586535B-755F-4246-8C7F-122CFD066DC1}"
EndProject
Project("{9A19103F-16F7-4668-BE54-9A1E7A4F7556}") = "Order.API", "Services\Order\Order.API\Order.API.csproj", "{4DC1D554-18F2-4A1D-8B38-717A92BF07A2}"
EndProject
Project("{E53339B2-1760-4266-BCC7-CA923CBCF16C}") = "docker-compose", "docker-compose.dcproj", "{8BA599F2-2886-41E6-92D5-1F60C35B2A29}"
EndProject
Global
	GlobalSection(SolutionConfigurationPlatforms) = preSolution
		Debug|Any CPU = Debug|Any CPU
		Release|Any CPU = Release|Any CPU
	EndGlobalSection
	GlobalSection(ProjectConfigurationPlatforms) = postSolution
		{A32C3CD7-1290-4E3E-9E64-B5953EDAA996}.Debug|Any CPU.ActiveCfg = Debug|Any CPU
		{A32C3CD7-1290-4E3E-9E64-B5953EDAA996}.Debug|Any CPU.Build.0 = Debug|Any CPU
		{A32C3CD7-1290-4E3E-9E64-B5953EDAA996}.Release|Any CPU.ActiveCfg = Release|Any CPU
		{A32C3CD7-1290-4E3E-9E64-B5953EDAA996}.Release|Any CPU.Build.0 = Release|Any CPU
		{9546479F-242D-4815-9E47-26B0A31B06E3}.Debug|Any CPU.ActiveCfg = Debug|Any CPU
		{9546479F-242D-4815-9E47-26B0A31B06E3}.Debug|Any CPU.Build.0 = Debug|Any CPU
		{9546479F-242D-4815-9E47-26B0A31B06E3}.Release|Any CPU.ActiveCfg = Release|Any CPU
		{9546479F-242D-4815-9E47-26B0A31B06E3}.Release|Any CPU.Build.0 = Release|Any CPU
		{5D1EB3F3-E9DC-4B82-8261-DCE0F8E4AC82}.Debug|Any CPU.ActiveCfg = Debug|Any CPU
		{5D1EB3F3-E9DC-4B82-8261-DCE0F8E4AC82}.Debug|Any CPU.Build.0 = Debug|Any CPU
		{5D1EB3F3-E9DC-4B82-8261-DCE0F8E4AC82}.Release|Any CPU.ActiveCfg = Release|Any CPU
		{5D1EB3F3-E9DC-4B82-8261-DCE0F8E4AC82}.Release|Any CPU.Build.0 = Release|Any CPU
		{EEB75E26-F447-423D-AAC0-B421B8DE6893}.Debug|Any CPU.ActiveCfg = Debug|Any CPU
		{EEB75E26-F447-423D-AAC0-B421B8DE6893}.Debug|Any CPU.Build.0 = Debug|Any CPU
		{EEB75E26-F447-423D-AAC0-B421B8DE6893}.Release|Any CPU.ActiveCfg = Release|Any CPU
		{EEB75E26-F447-423D-AAC0-B421B8DE6893}.Release|Any CPU.Build.0 = Release|Any CPU
		{BE109576-0A6D-44B7-8D5B-E54F79068E45}.Debug|Any CPU.ActiveCfg = Debug|Any CPU
		{BE109576-0A6D-44B7-8D5B-E54F79068E45}.Debug|Any CPU.Build.0 = Debug|Any CPU
		{BE109576-0A6D-44B7-8D5B-E54F79068E45}.Release|Any CPU.ActiveCfg = Release|Any CPU
		{BE109576-0A6D-44B7-8D5B-E54F79068E45}.Release|Any CPU.Build.0 = Release|Any CPU
		{83830656-594C-46C8-BE9F-0E24A5ABDC1F}.Debug|Any CPU.ActiveCfg = Debug|Any CPU
		{83830656-594C-46C8-BE9F-0E24A5ABDC1F}.Debug|Any CPU.Build.0 = Debug|Any CPU
		{83830656-594C-46C8-BE9F-0E24A5ABDC1F}.Release|Any CPU.ActiveCfg = Release|Any CPU
		{83830656-594C-46C8-BE9F-0E24A5ABDC1F}.Release|Any CPU.Build.0 = Release|Any CPU
		{4DD888D8-0CFC-4293-9BCE-EBFA2590C72B}.Debug|Any CPU.ActiveCfg = Debug|Any CPU
		{4DD888D8-0CFC-4293-9BCE-EBFA2590C72B}.Debug|Any CPU.Build.0 = Debug|Any CPU
		{4DD888D8-0CFC-4293-9BCE-EBFA2590C72B}.Release|Any CPU.ActiveCfg = Release|Any CPU
		{4DD888D8-0CFC-4293-9BCE-EBFA2590C72B}.Release|Any CPU.Build.0 = Release|Any CPU
		{CB13037C-6A60-404D-9CEC-0131C9BB5926}.Debug|Any CPU.ActiveCfg = Debug|Any CPU
		{CB13037C-6A60-404D-9CEC-0131C9BB5926}.Debug|Any CPU.Build.0 = Debug|Any CPU
		{CB13037C-6A60-404D-9CEC-0131C9BB5926}.Release|Any CPU.ActiveCfg = Release|Any CPU
		{CB13037C-6A60-404D-9CEC-0131C9BB5926}.Release|Any CPU.Build.0 = Release|Any CPU
		{3586535B-755F-4246-8C7F-122CFD066DC1}.Debug|Any CPU.ActiveCfg = Debug|Any CPU
		{3586535B-755F-4246-8C7F-122CFD066DC1}.Debug|Any CPU.Build.0 = Debug|Any CPU
		{3586535B-755F-4246-8C7F-122CFD066DC1}.Release|Any CPU.ActiveCfg = Release|Any CPU
		{3586535B-755F-4246-8C7F-122CFD066DC1}.Release|Any CPU.Build.0 = Release|Any CPU
		{4DC1D554-18F2-4A1D-8B38-717A92BF07A2}.Debug|Any CPU.ActiveCfg = Debug|Any CPU
		{4DC1D554-18F2-4A1D-8B38-717A92BF07A2}.Debug|Any CPU.Build.0 = Debug|Any CPU
		{4DC1D554-18F2-4A1D-8B38-717A92BF07A2}.Release|Any CPU.ActiveCfg = Release|Any CPU
		{4DC1D554-18F2-4A1D-8B38-717A92BF07A2}.Release|Any CPU.Build.0 = Release|Any CPU
		{8BA599F2-2886-41E6-92D5-1F60C35B2A29}.Debug|Any CPU.ActiveCfg = Debug|Any CPU
		{8BA599F2-2886-41E6-92D5-1F60C35B2A29}.Debug|Any CPU.Build.0 = Debug|Any CPU
		{8BA599F2-2886-41E6-92D5-1F60C35B2A29}.Release|Any CPU.ActiveCfg = Release|Any CPU
		{8BA599F2-2886-41E6-92D5-1F60C35B2A29}.Release|Any CPU.Build.0 = Release|Any CPU
	EndGlobalSection
	GlobalSection(SolutionProperties) = preSolution
		HideSolutionNode = FALSE
	EndGlobalSection
	GlobalSection(NestedProjects) = preSolution
		{A32C3CD7-1290-4E3E-9E64-B5953EDAA996} = {DD17CACB-5363-4865-952D-747804B33553}
		{9546479F-242D-4815-9E47-26B0A31B06E3} = {A9C9DA25-FD46-46F6-9C0E-A7248B44706F}
		{360D7DEE-0088-4BF5-ADA6-4C64101267E1} = {584DCBD4-8900-4D00-A581-21D32743B571}
		{2118297E-5451-4617-8898-4E38A46781B1} = {584DCBD4-8900-4D00-A581-21D32743B571}
		{5D1EB3F3-E9DC-4B82-8261-DCE0F8E4AC82} = {360D7DEE-0088-4BF5-ADA6-4C64101267E1}
		{EEB75E26-F447-423D-AAC0-B421B8DE6893} = {360D7DEE-0088-4BF5-ADA6-4C64101267E1}
		{BE109576-0A6D-44B7-8D5B-E54F79068E45} = {360D7DEE-0088-4BF5-ADA6-4C64101267E1}
		{83830656-594C-46C8-BE9F-0E24A5ABDC1F} = {360D7DEE-0088-4BF5-ADA6-4C64101267E1}
		{4DD888D8-0CFC-4293-9BCE-EBFA2590C72B} = {2118297E-5451-4617-8898-4E38A46781B1}
		{CB13037C-6A60-404D-9CEC-0131C9BB5926} = {2118297E-5451-4617-8898-4E38A46781B1}
		{3586535B-755F-4246-8C7F-122CFD066DC1} = {2118297E-5451-4617-8898-4E38A46781B1}
		{4DC1D554-18F2-4A1D-8B38-717A92BF07A2} = {2118297E-5451-4617-8898-4E38A46781B1}
	EndGlobalSection
	GlobalSection(ExtensibilityGlobals) = postSolution
		SolutionGuid = {2F03DD94-34D1-41CC-B418-CDFD622B05E8}
	EndGlobalSection
EndGlobal
